github.com/TheTitanrain/w32 v0.0.0-20180517000239-4f5cfb03fabf h1:FPsprx82rdrX2jiKyS17BH6IrTmUBYqZa/CXT4uvb+I=
github.com/TheTitanrain/w32 v0.0.0-20180517000239-4f5cfb03fabf/go.mod h1:peYoMncQljjNS6tZwI9WVyQB3qZS6u79/N3mBOcnd3I=
github.com/gen2brain/raylib-go/raygui v0.0.0-20220116181443-e4777d30ee99 h1:rRLVQOQu9N3hIhnsSCGSZhbAZOHpo4JIDCKOSeA3g0I=
github.com/gen2brain/raylib-go/raygui v0.0.0-20220116181443-e4777d30ee99/go.mod h1:PdIDpFApFZazMjaf1mVuSgzTrMIdyC1e4vL98Euzgkw=
github.com/gen2brain/raylib-go/raylib v0.0.0-20211111173445-914ca1ffdc4d/go.mod h1:+NbsqGlEQqGqrsgJFF5Yj2dkvn0ML2SQb8RqM2hJsPU=
github.com/gen2brain/raylib-go/raylib v0.0.0-20220116181443-e4777d30ee99 h1:oIi/mobSw0P7bujBj8og1cAvHJw2vBbjcA8gJfUgfyA=
github.com/gen2brain/raylib-go/raylib v0.0.0-20220116181443-e4777d30ee99/go.mod h1:+NbsqGlEQqGqrsgJFF5Yj2dkvn0ML2SQb8RqM2hJsPU=
github.com/google/uuid v1.3.0 h1:t6JiXgmwXMjEs8VusXIJk2BXHsn+wx8BZdTaoZ5fu7I=
github.com/google/uuid v1.3.0/go.mod h1:TIyPZe4MgqvfeYDBFedMoGGpEw/LqOeaOT+nhxU+yHo=
github.com/sqweek/dialog v0.0.0-20211002065838-9a201b55ab91 h1:Ap4SC7+bIAFzh81vREQSElqYUtuxPgknVl1ol5rOf9w=
github.com/sqweek/dialog v0.0.0-20211002065838-9a201b55ab91/go.mod h1:/qNPSY91qTz/8TgHEMioAUc6q7+3SOybeKczHMXFcXw=
